// !$*UTF8*$!
{
	archiveVersion = 1;
	classes = {
	};
	objectVersion = 50;
	objects = {

/* Begin PBXBuildFile section */
		123BE9212507D11100114E6F /* BounceButton.swift in Sources */ = {isa = PBXBuildFile; fileRef = 123BE9202507D11100114E6F /* BounceButton.swift */; };
		123BE9232507D12800114E6F /* DesignButton.swift in Sources */ = {isa = PBXBuildFile; fileRef = 123BE9222507D12800114E6F /* DesignButton.swift */; };
		123BE9252507D5CA00114E6F /* DesignableTextField.swift in Sources */ = {isa = PBXBuildFile; fileRef = 123BE9242507D5CA00114E6F /* DesignableTextField.swift */; };
		123BE9272507D90E00114E6F /* Rajdhani-Light.ttf in Resources */ = {isa = PBXBuildFile; fileRef = 123BE9262507D90E00114E6F /* Rajdhani-Light.ttf */; };
		123BE9292507D92200114E6F /* Rajdhani-Regular.ttf in Resources */ = {isa = PBXBuildFile; fileRef = 123BE9282507D92200114E6F /* Rajdhani-Regular.ttf */; };
		123BE92B2507D92F00114E6F /* Rajdhani-SemiBold.ttf in Resources */ = {isa = PBXBuildFile; fileRef = 123BE92A2507D92E00114E6F /* Rajdhani-SemiBold.ttf */; };
		123BE92D2507F13900114E6F /* Extension.swift in Sources */ = {isa = PBXBuildFile; fileRef = 123BE92C2507F13900114E6F /* Extension.swift */; };
		123BE92F2507F80C00114E6F /* WelcomeViewController.swift in Sources */ = {isa = PBXBuildFile; fileRef = 123BE92E2507F80C00114E6F /* WelcomeViewController.swift */; };
		129D355C250773CA00FAAE1E /* AppDelegate.swift in Sources */ = {isa = PBXBuildFile; fileRef = 129D355B250773CA00FAAE1E /* AppDelegate.swift */; };
		129D355E250773CA00FAAE1E /* SceneDelegate.swift in Sources */ = {isa = PBXBuildFile; fileRef = 129D355D250773CA00FAAE1E /* SceneDelegate.swift */; };
		129D3560250773CA00FAAE1E /* LoginViewController.swift in Sources */ = {isa = PBXBuildFile; fileRef = 129D355F250773CA00FAAE1E /* LoginViewController.swift */; };
		129D3563250773CA00FAAE1E /* Main.storyboard in Resources */ = {isa = PBXBuildFile; fileRef = 129D3561250773CA00FAAE1E /* Main.storyboard */; };
		129D3565250773CC00FAAE1E /* Assets.xcassets in Resources */ = {isa = PBXBuildFile; fileRef = 129D3564250773CC00FAAE1E /* Assets.xcassets */; };
		129D3568250773CC00FAAE1E /* LaunchScreen.storyboard in Resources */ = {isa = PBXBuildFile; fileRef = 129D3566250773CC00FAAE1E /* LaunchScreen.storyboard */; };
/* End PBXBuildFile section */

/* Begin PBXFileReference section */
		123BE9202507D11100114E6F /* BounceButton.swift */ = {isa = PBXFileReference; lastKnownFileType = sourcecode.swift; path = BounceButton.swift; sourceTree = "<group>"; };
		123BE9222507D12800114E6F /* DesignButton.swift */ = {isa = PBXFileReference; lastKnownFileType = sourcecode.swift; path = DesignButton.swift; sourceTree = "<group>"; };
		123BE9242507D5CA00114E6F /* DesignableTextField.swift */ = {isa = PBXFileReference; lastKnownFileType = sourcecode.swift; path = DesignableTextField.swift; sourceTree = "<group>"; };
		123BE9262507D90E00114E6F /* Rajdhani-Light.ttf */ = {isa = PBXFileReference; lastKnownFileType = file; path = "Rajdhani-Light.ttf"; sourceTree = "<group>"; };
		123BE9282507D92200114E6F /* Rajdhani-Regular.ttf */ = {isa = PBXFileReference; lastKnownFileType = file; path = "Rajdhani-Regular.ttf"; sourceTree = "<group>"; };
		123BE92A2507D92E00114E6F /* Rajdhani-SemiBold.ttf */ = {isa = PBXFileReference; lastKnownFileType = file; path = "Rajdhani-SemiBold.ttf"; sourceTree = "<group>"; };
		123BE92C2507F13900114E6F /* Extension.swift */ = {isa = PBXFileReference; lastKnownFileType = sourcecode.swift; path = Extension.swift; sourceTree = "<group>"; };
		123BE92E2507F80C00114E6F /* WelcomeViewController.swift */ = {isa = PBXFileReference; lastKnownFileType = sourcecode.swift; path = WelcomeViewController.swift; sourceTree = "<group>"; };
		129D3558250773CA00FAAE1E /* LoginProject.app */ = {isa = PBXFileReference; explicitFileType = wrapper.application; includeInIndex = 0; path = LoginProject.app; sourceTree = BUILT_PRODUCTS_DIR; };
		129D355B250773CA00FAAE1E /* AppDelegate.swift */ = {isa = PBXFileReference; lastKnownFileType = sourcecode.swift; path = AppDelegate.swift; sourceTree = "<group>"; };
		129D355D250773CA00FAAE1E /* SceneDelegate.swift */ = {isa = PBXFileReference; lastKnownFileType = sourcecode.swift; path = SceneDelegate.swift; sourceTree = "<group>"; };
		129D355F250773CA00FAAE1E /* LoginViewController.swift */ = {isa = PBXFileReference; lastKnownFileType = sourcecode.swift; path = LoginViewController.swift; sourceTree = "<group>"; };
		129D3562250773CA00FAAE1E /* Base */ = {isa = PBXFileReference; lastKnownFileType = file.storyboard; name = Base; path = Base.lproj/Main.storyboard; sourceTree = "<group>"; };
		129D3564250773CC00FAAE1E /* Assets.xcassets */ = {isa = PBXFileReference; lastKnownFileType = folder.assetcatalog; path = Assets.xcassets; sourceTree = "<group>"; };
		129D3567250773CC00FAAE1E /* Base */ = {isa = PBXFileReference; lastKnownFileType = file.storyboard; name = Base; path = Base.lproj/LaunchScreen.storyboard; sourceTree = "<group>"; };
		129D3569250773CC00FAAE1E /* Info.plist */ = {isa = PBXFileReference; lastKnownFileType = text.plist.xml; path = Info.plist; sourceTree = "<group>"; };
/* End PBXFileReference section */

/* Begin PBXFrameworksBuildPhase section */
		129D3555250773CA00FAAE1E /* Frameworks */ = {
			isa = PBXFrameworksBuildPhase;
			buildActionMask = 2147483647;
			files = (
			);
			runOnlyForDeploymentPostprocessing = 0;
		};
/* End PBXFrameworksBuildPhase section */

/* Begin PBXGroup section */
		123BE91B2507D05C00114E6F /* AppDelegate */ = {
			isa = PBXGroup;
			children = (
				129D355B250773CA00FAAE1E /* AppDelegate.swift */,
				129D355D250773CA00FAAE1E /* SceneDelegate.swift */,
			);
			path = AppDelegate;
			sourceTree = "<group>";
		};
		123BE91C2507D06B00114E6F /* View */ = {
			isa = PBXGroup;
			children = (
				129D3561250773CA00FAAE1E /* Main.storyboard */,
			);
			path = View;
			sourceTree = "<group>";
		};
		123BE91D2507D07100114E6F /* Controller */ = {
			isa = PBXGroup;
			children = (
				129D355F250773CA00FAAE1E /* LoginViewController.swift */,
				123BE92E2507F80C00114E6F /* WelcomeViewController.swift */,
			);
			path = Controller;
			sourceTree = "<group>";
		};
		123BE91E2507D0CB00114E6F /* Extension */ = {
			isa = PBXGroup;
			children = (
				123BE92C2507F13900114E6F /* Extension.swift */,
			);
			path = Extension;
			sourceTree = "<group>";
		};
		123BE91F2507D0EA00114E6F /* ExtraResources */ = {
			isa = PBXGroup;
			children = (
				123BE9262507D90E00114E6F /* Rajdhani-Light.ttf */,
				123BE9282507D92200114E6F /* Rajdhani-Regular.ttf */,
				123BE92A2507D92E00114E6F /* Rajdhani-SemiBold.ttf */,
				123BE9202507D11100114E6F /* BounceButton.swift */,
				123BE9222507D12800114E6F /* DesignButton.swift */,
				123BE9242507D5CA00114E6F /* DesignableTextField.swift */,
			);
			path = ExtraResources;
			sourceTree = "<group>";
		};
		129D354F250773CA00FAAE1E = {
			isa = PBXGroup;
			children = (
				129D355A250773CA00FAAE1E /* LoginProject */,
				129D3559250773CA00FAAE1E /* Products */,
			);
			sourceTree = "<group>";
		};
		129D3559250773CA00FAAE1E /* Products */ = {
			isa = PBXGroup;
			children = (
				129D3558250773CA00FAAE1E /* LoginProject.app */,
			);
			name = Products;
			sourceTree = "<group>";
		};
		129D355A250773CA00FAAE1E /* LoginProject */ = {
			isa = PBXGroup;
			children = (
				123BE91F2507D0EA00114E6F /* ExtraResources */,
				123BE91E2507D0CB00114E6F /* Extension */,
				123BE91B2507D05C00114E6F /* AppDelegate */,
				123BE91D2507D07100114E6F /* Controller */,
				123BE91C2507D06B00114E6F /* View */,
				129D3564250773CC00FAAE1E /* Assets.xcassets */,
				129D3566250773CC00FAAE1E /* LaunchScreen.storyboard */,
				129D3569250773CC00FAAE1E /* Info.plist */,
			);
			path = LoginProject;
			sourceTree = "<group>";
		};
/* End PBXGroup section */

/* Begin PBXNativeTarget section */
		129D3557250773CA00FAAE1E /* LoginProject */ = {
			isa = PBXNativeTarget;
			buildConfigurationList = 129D356C250773CC00FAAE1E /* Build configuration list for PBXNativeTarget "LoginProject" */;
			buildPhases = (
				129D3554250773CA00FAAE1E /* Sources */,
				129D3555250773CA00FAAE1E /* Frameworks */,
				129D3556250773CA00FAAE1E /* Resources */,
			);
			buildRules = (
			);
			dependencies = (
			);
			name = LoginProject;
			productName = LoginProject;
			productReference = 129D3558250773CA00FAAE1E /* LoginProject.app */;
			productType = "com.apple.product-type.application";
		};
/* End PBXNativeTarget section */

/* Begin PBXProject section */
		129D3550250773CA00FAAE1E /* Project object */ = {
			isa = PBXProject;
			attributes = {
				LastSwiftUpdateCheck = 1170;
				LastUpgradeCheck = 1170;
				ORGANIZATIONNAME = mngey;
				TargetAttributes = {
					129D3557250773CA00FAAE1E = {
						CreatedOnToolsVersion = 11.7;
					};
				};
			};
			buildConfigurationList = 129D3553250773CA00FAAE1E /* Build configuration list for PBXProject "LoginProject" */;
			compatibilityVersion = "Xcode 9.3";
			developmentRegion = en;
			hasScannedForEncodings = 0;
			knownRegions = (
				en,
				Base,
			);
			mainGroup = 129D354F250773CA00FAAE1E;
			productRefGroup = 129D3559250773CA00FAAE1E /* Products */;
			projectDirPath = "";
			projectRoot = "";
			targets = (
				129D3557250773CA00FAAE1E /* LoginProject */,
			);
		};
/* End PBXProject section */

/* Begin PBXResourcesBuildPhase section */
		129D3556250773CA00FAAE1E /* Resources */ = {
			isa = PBXResourcesBuildPhase;
			buildActionMask = 2147483647;
			files = (
				123BE92B2507D92F00114E6F /* Rajdhani-SemiBold.ttf in Resources */,
				123BE9272507D90E00114E6F /* Rajdhani-Light.ttf in Resources */,
				129D3568250773CC00FAAE1E /* LaunchScreen.storyboard in Resources */,
				129D3565250773CC00FAAE1E /* Assets.xcassets in Resources */,
				129D3563250773CA00FAAE1E /* Main.storyboard in Resources */,
				123BE9292507D92200114E6F /* Rajdhani-Regular.ttf in Resources */,
			);
			runOnlyForDeploymentPostprocessing = 0;
		};
/* End PBXResourcesBuildPhase section */

/* Begin PBXSourcesBuildPhase section */
		129D3554250773CA00FAAE1E /* Sources */ = {
			isa = PBXSourcesBuildPhase;
			buildActionMask = 2147483647;
			files = (
				129D3560250773CA00FAAE1E /* LoginViewController.swift in Sources */,
				123BE92F2507F80C00114E6F /* WelcomeViewController.swift in Sources */,
				123BE9252507D5CA00114E6F /* DesignableTextField.swift in Sources */,
				123BE92D2507F13900114E6F /* Extension.swift in Sources */,
				123BE9212507D11100114E6F /* BounceButton.swift in Sources */,
				129D355C250773CA00FAAE1E /* AppDelegate.swift in Sources */,
				129D355E250773CA00FAAE1E /* SceneDelegate.swift in Sources */,
				123BE9232507D12800114E6F /* DesignButton.swift in Sources */,
			);
			runOnlyForDeploymentPostprocessing = 0;
		};
/* End PBXSourcesBuildPhase section */

/* Begin PBXVariantGroup section */
		129D3561250773CA00FAAE1E /* Main.storyboard */ = {
			isa = PBXVariantGroup;
			children = (
				129D3562250773CA00FAAE1E /* Base */,
			);
			name = Main.storyboard;
			sourceTree = "<group>";
		};
		129D3566250773CC00FAAE1E /* LaunchScreen.storyboard */ = {
			isa = PBXVariantGroup;
			children = (
				129D3567250773CC00FAAE1E /* Base */,
			);
			name = LaunchScreen.storyboard;
			sourceTree = "<group>";
		};
/* End PBXVariantGroup section */

/* Begin XCBuildConfiguration section */
		129D356A250773CC00FAAE1E /* Debug */ = {
			isa = XCBuildConfiguration;
			buildSettings = {
				ALWAYS_SEARCH_USER_PATHS = NO;
				CLANG_ANALYZER_NONNULL = YES;
				CLANG_ANALYZER_NUMBER_OBJECT_CONVERSION = YES_AGGRESSIVE;
				CLANG_CXX_LANGUAGE_STANDARD = "gnu++14";
				CLANG_CXX_LIBRARY = "libc++";
				CLANG_ENABLE_MODULES = YES;
				CLANG_ENABLE_OBJC_ARC = YES;
				CLANG_ENABLE_OBJC_WEAK = YES;
				CLANG_WARN_BLOCK_CAPTURE_AUTORELEASING = YES;
				CLANG_WARN_BOOL_CONVERSION = YES;
				CLANG_WARN_COMMA = YES;
				CLANG_WARN_CONSTANT_CONVERSION = YES;
				CLANG_WARN_DEPRECATED_OBJC_IMPLEMENTATIONS = YES;
				CLANG_WARN_DIRECT_OBJC_ISA_USAGE = YES_ERROR;
				CLANG_WARN_DOCUMENTATION_COMMENTS = YES;
				CLANG_WARN_EMPTY_BODY = YES;
				CLANG_WARN_ENUM_CONVERSION = YES;
				CLANG_WARN_INFINITE_RECURSION = YES;
				CLANG_WARN_INT_CONVERSION = YES;
				CLANG_WARN_NON_LITERAL_NULL_CONVERSION = YES;
				CLANG_WARN_OBJC_IMPLICIT_RETAIN_SELF = YES;
				CLANG_WARN_OBJC_LITERAL_CONVERSION = YES;
				CLANG_WARN_OBJC_ROOT_CLASS = YES_ERROR;
				CLANG_WARN_RANGE_LOOP_ANALYSIS = YES;
				CLANG_WARN_STRICT_PROTOTYPES = YES;
				CLANG_WARN_SUSPICIOUS_MOVE = YES;
				CLANG_WARN_UNGUARDED_AVAILABILITY = YES_AGGRESSIVE;
				CLANG_WARN_UNREACHABLE_CODE = YES;
				CLANG_WARN__DUPLICATE_METHOD_MATCH = YES;
				COPY_PHASE_STRIP = NO;
				DEBUG_INFORMATION_FORMAT = dwarf;
				ENABLE_STRICT_OBJC_MSGSEND = YES;
				ENABLE_TESTABILITY = YES;
				GCC_C_LANGUAGE_STANDARD = gnu11;
				GCC_DYNAMIC_NO_PIC = NO;
				GCC_NO_COMMON_BLOCKS = YES;
				GCC_OPTIMIZATION_LEVEL = 0;
				GCC_PREPROCESSOR_DEFINITIONS = (
					"DEBUG=1",
					"$(inherited)",
				);
				GCC_WARN_64_TO_32_BIT_CONVERSION = YES;
				GCC_WARN_ABOUT_RETURN_TYPE = YES_ERROR;
				GCC_WARN_UNDECLARED_SELECTOR = YES;
				GCC_WARN_UNINITIALIZED_AUTOS = YES_AGGRESSIVE;
				GCC_WARN_UNUSED_FUNCTION = YES;
				GCC_WARN_UNUSED_VARIABLE = YES;
				IPHONEOS_DEPLOYMENT_TARGET = 13.7;
				MTL_ENABLE_DEBUG_INFO = INCLUDE_SOURCE;
				MTL_FAST_MATH = YES;
				ONLY_ACTIVE_ARCH = YES;
				SDKROOT = iphoneos;
				SWIFT_ACTIVE_COMPILATION_CONDITIONS = DEBUG;
				SWIFT_OPTIMIZATION_LEVEL = "-Onone";
			};
			name = Debug;
		};
		129D356B250773CC00FAAE1E /* Release */ = {
			isa = XCBuildConfiguration;
			buildSettings = {
				ALWAYS_SEARCH_USER_PATHS = NO;
				CLANG_ANALYZER_NONNULL = YES;
				CLANG_ANALYZER_NUMBER_OBJECT_CONVERSION = YES_AGGRESSIVE;
				CLANG_CXX_LANGUAGE_STANDARD = "gnu++14";
				CLANG_CXX_LIBRARY = "libc++";
				CLANG_ENABLE_MODULES = YES;
				CLANG_ENABLE_OBJC_ARC = YES;
				CLANG_ENABLE_OBJC_WEAK = YES;
				CLANG_WARN_BLOCK_CAPTURE_AUTORELEASING = YES;
				CLANG_WARN_BOOL_CONVERSION = YES;
				CLANG_WARN_COMMA = YES;
				CLANG_WARN_CONSTANT_CONVERSION = YES;
				CLANG_WARN_DEPRECATED_OBJC_IMPLEMENTATIONS = YES;
				CLANG_WARN_DIRECT_OBJC_ISA_USAGE = YES_ERROR;
				CLANG_WARN_DOCUMENTATION_COMMENTS = YES;
				CLANG_WARN_EMPTY_BODY = YES;
				CLANG_WARN_ENUM_CONVERSION = YES;
				CLANG_WARN_INFINITE_RECURSION = YES;
				CLANG_WARN_INT_CONVERSION = YES;
				CLANG_WARN_NON_LITERAL_NULL_CONVERSION = YES;
				CLANG_WARN_OBJC_IMPLICIT_RETAIN_SELF = YES;
				CLANG_WARN_OBJC_LITERAL_CONVERSION = YES;
				CLANG_WARN_OBJC_ROOT_CLASS = YES_ERROR;
				CLANG_WARN_RANGE_LOOP_ANALYSIS = YES;
				CLANG_WARN_STRICT_PROTOTYPES = YES;
				CLANG_WARN_SUSPICIOUS_MOVE = YES;
				CLANG_WARN_UNGUARDED_AVAILABILITY = YES_AGGRESSIVE;
				CLANG_WARN_UNREACHABLE_CODE = YES;
				CLANG_WARN__DUPLICATE_METHOD_MATCH = YES;
				COPY_PHASE_STRIP = NO;
				DEBUG_INFORMATION_FORMAT = "dwarf-with-dsym";
				ENABLE_NS_ASSERTIONS = NO;
				ENABLE_STRICT_OBJC_MSGSEND = YES;
				GCC_C_LANGUAGE_STANDARD = gnu11;
				GCC_NO_COMMON_BLOCKS = YES;
				GCC_WARN_64_TO_32_BIT_CONVERSION = YES;
				GCC_WARN_ABOUT_RETURN_TYPE = YES_ERROR;
				GCC_WARN_UNDECLARED_SELECTOR = YES;
				GCC_WARN_UNINITIALIZED_AUTOS = YES_AGGRESSIVE;
				GCC_WARN_UNUSED_FUNCTION = YES;
				GCC_WARN_UNUSED_VARIABLE = YES;
				IPHONEOS_DEPLOYMENT_TARGET = 13.7;
				MTL_ENABLE_DEBUG_INFO = NO;
				MTL_FAST_MATH = YES;
				SDKROOT = iphoneos;
				SWIFT_COMPILATION_MODE = wholemodule;
				SWIFT_OPTIMIZATION_LEVEL = "-O";
				VALIDATE_PRODUCT = YES;
			};
			name = Release;
		};
		129D356D250773CC00FAAE1E /* Debug */ = {
			isa = XCBuildConfiguration;
			buildSettings = {
				ASSETCATALOG_COMPILER_APPICON_NAME = AppIcon;
				CODE_SIGN_STYLE = Automatic;
				DEVELOPMENT_TEAM = 5H62N4R564;
				INFOPLIST_FILE = LoginProject/Info.plist;
				LD_RUNPATH_SEARCH_PATHS = (
					"$(inherited)",
					"@executable_path/Frameworks",
				);
				PRODUCT_BUNDLE_IDENTIFIER = lv.mngeyapp.LoginProject;
				PRODUCT_NAME = "$(TARGET_NAME)";
				SWIFT_VERSION = 5.0;
				TARGETED_DEVICE_FAMILY = "1,2";
			};
			name = Debug;
		};
		129D356E250773CC00FAAE1E /* Release */ = {
			isa = XCBuildConfiguration;
			buildSettings = {
				ASSETCATALOG_COMPILER_APPICON_NAME = AppIcon;
				CODE_SIGN_STYLE = Automatic;
				DEVELOPMENT_TEAM = 5H62N4R564;
				INFOPLIST_FILE = LoginProject/Info.plist;
				LD_RUNPATH_SEARCH_PATHS = (
					"$(inherited)",
					"@executable_path/Frameworks",
				);
				PRODUCT_BUNDLE_IDENTIFIER = lv.mngeyapp.LoginProject;
				PRODUCT_NAME = "$(TARGET_NAME)";
				SWIFT_VERSION = 5.0;
				TARGETED_DEVICE_FAMILY = "1,2";
			};
			name = Release;
		};
/* End XCBuildConfiguration section */

/* Begin XCConfigurationList section */
		129D3553250773CA00FAAE1E /* Build configuration list for PBXProject "LoginProject" */ = {
			isa = XCConfigurationList;
			buildConfigurations = (
				129D356A250773CC00FAAE1E /* Debug */,
				129D356B250773CC00FAAE1E /* Release */,
			);
			defaultConfigurationIsVisible = 0;
			defaultConfigurationName = Release;
		};
		129D356C250773CC00FAAE1E /* Build configuration list for PBXNativeTarget "LoginProject" */ = {
			isa = XCConfigurationList;
			buildConfigurations = (
				129D356D250773CC00FAAE1E /* Debug */,
				129D356E250773CC00FAAE1E /* Release */,
			);
			defaultConfigurationIsVisible = 0;
			defaultConfigurationName = Release;
		};
/* End XCConfigurationList section */
	};
	rootObject = 129D3550250773CA00FAAE1E /* Project object */;
}
